
Microsoft Visual Studio Solution File, Format Version 12.00
# Visual Studio 15
VisualStudioVersion = 15.0.27703.2026
MinimumVisualStudioVersion = 10.0.40219.1
Project("{FAE04EC0-301F-11D3-BF4B-00C04F79EFBC}") = "rest-api", "rest-api\rest-api.csproj", "{96DBA2EA-7CEA-470A-9A3F-F652C25BC1BC}"
EndProject
Global
	GlobalSection(SolutionConfigurationPlatforms) = preSolution
		Debug|Any CPU = Debug|Any CPU
		Release|Any CPU = Release|Any CPU
	EndGlobalSection
	GlobalSection(ProjectConfigurationPlatforms) = postSolution
		{96DBA2EA-7CEA-470A-9A3F-F652C25BC1BC}.Debug|Any CPU.ActiveCfg = Debug|Any CPU
		{96DBA2EA-7CEA-470A-9A3F-F652C25BC1BC}.Debug|Any CPU.Build.0 = Debug|Any CPU
		{96DBA2EA-7CEA-470A-9A3F-F652C25BC1BC}.Release|Any CPU.ActiveCfg = Release|Any CPU
		{96DBA2EA-7CEA-470A-9A3F-F652C25BC1BC}.Release|Any CPU.Build.0 = Release|Any CPU
	EndGlobalSection
	GlobalSection(SolutionProperties) = preSolution
		HideSolutionNode = FALSE
	EndGlobalSection
	GlobalSection(ExtensibilityGlobals) = postSolution
		SolutionGuid = {7D6E947E-5941-47C5-830D-9B692B25D62B}
	EndGlobalSection
EndGlobal
